
Microsoft Visual Studio Solution File, Format Version 12.00
# Visual Studio Version 16
VisualStudioVersion = 16.0.31702.278
MinimumVisualStudioVersion = 10.0.40219.1
Project("{FAE04EC0-301F-11D3-BF4B-00C04F79EFBC}") = "Ecomerce", "Ecomerce.csproj", "{7481E716-7265-4F3B-81EF-1C229C4CAEDA}"
EndProject
Project("{FAE04EC0-301F-11D3-BF4B-00C04F79EFBC}") = "Customer", "..\Customer\Customer.csproj", "{08356D07-A98D-455B-B2C2-747DF3C4723A}"
EndProject
Project("{FAE04EC0-301F-11D3-BF4B-00C04F79EFBC}") = "Product", "..\Product\Product.csproj", "{57550437-31A8-49C2-8E6F-1A5D6665BE9A}"
EndProject
Project("{FAE04EC0-301F-11D3-BF4B-00C04F79EFBC}") = "Order", "..\Order\Order.csproj", "{A3A81526-0DB9-4013-A215-C69A496060C0}"
EndProject
Project("{FAE04EC0-301F-11D3-BF4B-00C04F79EFBC}") = "DefaultPage", "..\DefaultPage\DefaultPage.csproj", "{6CE60E5D-DAF3-4B28-A352-44DBC9975690}"
EndProject
Global
	GlobalSection(SolutionConfigurationPlatforms) = preSolution
		Debug|Any CPU = Debug|Any CPU
		Release|Any CPU = Release|Any CPU
	EndGlobalSection
	GlobalSection(ProjectConfigurationPlatforms) = postSolution
		{7481E716-7265-4F3B-81EF-1C229C4CAEDA}.Debug|Any CPU.ActiveCfg = Debug|Any CPU
		{7481E716-7265-4F3B-81EF-1C229C4CAEDA}.Debug|Any CPU.Build.0 = Debug|Any CPU
		{7481E716-7265-4F3B-81EF-1C229C4CAEDA}.Release|Any CPU.ActiveCfg = Release|Any CPU
		{7481E716-7265-4F3B-81EF-1C229C4CAEDA}.Release|Any CPU.Build.0 = Release|Any CPU
		{08356D07-A98D-455B-B2C2-747DF3C4723A}.Debug|Any CPU.ActiveCfg = Debug|Any CPU
		{08356D07-A98D-455B-B2C2-747DF3C4723A}.Debug|Any CPU.Build.0 = Debug|Any CPU
		{08356D07-A98D-455B-B2C2-747DF3C4723A}.Release|Any CPU.ActiveCfg = Release|Any CPU
		{08356D07-A98D-455B-B2C2-747DF3C4723A}.Release|Any CPU.Build.0 = Release|Any CPU
		{57550437-31A8-49C2-8E6F-1A5D6665BE9A}.Debug|Any CPU.ActiveCfg = Debug|Any CPU
		{57550437-31A8-49C2-8E6F-1A5D6665BE9A}.Debug|Any CPU.Build.0 = Debug|Any CPU
		{57550437-31A8-49C2-8E6F-1A5D6665BE9A}.Release|Any CPU.ActiveCfg = Release|Any CPU
		{57550437-31A8-49C2-8E6F-1A5D6665BE9A}.Release|Any CPU.Build.0 = Release|Any CPU
		{A3A81526-0DB9-4013-A215-C69A496060C0}.Debug|Any CPU.ActiveCfg = Debug|Any CPU
		{A3A81526-0DB9-4013-A215-C69A496060C0}.Debug|Any CPU.Build.0 = Debug|Any CPU
		{A3A81526-0DB9-4013-A215-C69A496060C0}.Release|Any CPU.ActiveCfg = Release|Any CPU
		{A3A81526-0DB9-4013-A215-C69A496060C0}.Release|Any CPU.Build.0 = Release|Any CPU
		{6CE60E5D-DAF3-4B28-A352-44DBC9975690}.Debug|Any CPU.ActiveCfg = Debug|Any CPU
		{6CE60E5D-DAF3-4B28-A352-44DBC9975690}.Debug|Any CPU.Build.0 = Debug|Any CPU
		{6CE60E5D-DAF3-4B28-A352-44DBC9975690}.Release|Any CPU.ActiveCfg = Release|Any CPU
		{6CE60E5D-DAF3-4B28-A352-44DBC9975690}.Release|Any CPU.Build.0 = Release|Any CPU
	EndGlobalSection
	GlobalSection(SolutionProperties) = preSolution
		HideSolutionNode = FALSE
	EndGlobalSection
	GlobalSection(ExtensibilityGlobals) = postSolution
		SolutionGuid = {F5382492-8F1F-442E-AD12-18600E81ACDC}
	EndGlobalSection
EndGlobal
